
Microsoft Visual Studio Solution File, Format Version 12.00
# Visual Studio Version 16
VisualStudioVersion = 16.0.29613.14
MinimumVisualStudioVersion = 10.0.40219.1
Project("{FAE04EC0-301F-11D3-BF4B-00C04F79EFBC}") = "WpfApp4", "WpfApp4.csproj", "{F8112F52-4E33-4F0C-8780-7F1DABE6B32C}"
EndProject
Global
	GlobalSection(SolutionConfigurationPlatforms) = preSolution
		Debug|Any CPU = Debug|Any CPU
		Release|Any CPU = Release|Any CPU
	EndGlobalSection
	GlobalSection(ProjectConfigurationPlatforms) = postSolution
		{F8112F52-4E33-4F0C-8780-7F1DABE6B32C}.Debug|Any CPU.ActiveCfg = Debug|Any CPU
		{F8112F52-4E33-4F0C-8780-7F1DABE6B32C}.Debug|Any CPU.Build.0 = Debug|Any CPU
		{F8112F52-4E33-4F0C-8780-7F1DABE6B32C}.Release|Any CPU.ActiveCfg = Release|Any CPU
		{F8112F52-4E33-4F0C-8780-7F1DABE6B32C}.Release|Any CPU.Build.0 = Release|Any CPU
	EndGlobalSection
	GlobalSection(SolutionProperties) = preSolution
		HideSolutionNode = FALSE
	EndGlobalSection
	GlobalSection(ExtensibilityGlobals) = postSolution
		SolutionGuid = {446FEFB5-1684-4A0E-AAB1-52889482E743}
	EndGlobalSection
EndGlobal
